lockfileVersion: '9.0'

settings:
  autoInstallPeers: true
  excludeLinksFromLockfile: false

importers:

  .:
    devDependencies:
      '@cloudflare/workers-types':
        specifier: ^4.20250903.0
        version: 4.20250903.0

packages:

  '@cloudflare/workers-types@4.20250903.0':
    resolution: {integrity: sha512-F6G3MG7EZxsJ2Fgsy3eed+U2fU/XGfKqDlyY/vCL/zUqI8KuaNx8GVnxttqzktBY55HK3xe82Zpj8xujW6PfXw==}

snapshots:

  '@cloudflare/workers-types@4.20250903.0': {}
